// !$*UTF8*$!
{
	archiveVersion = 1;
	classes = {
	};
	objectVersion = 46;
	objects = {

/* Begin PBXBuildFile section */
		22B3EC641C23FC96008BF87A /* AppDelegate.swift in Sources */ = {isa = PBXBuildFile; fileRef = 22B3EC631C23FC96008BF87A /* AppDelegate.swift */; };
		22B3EC691C23FC96008BF87A /* Main.storyboard in Resources */ = {isa = PBXBuildFile; fileRef = 22B3EC671C23FC96008BF87A /* Main.storyboard */; };
		22B3EC6B1C23FC96008BF87A /* Assets.xcassets in Resources */ = {isa = PBXBuildFile; fileRef = 22B3EC6A1C23FC96008BF87A /* Assets.xcassets */; };
		22B3EC6E1C23FC96008BF87A /* LaunchScreen.storyboard in Resources */ = {isa = PBXBuildFile; fileRef = 22B3EC6C1C23FC96008BF87A /* LaunchScreen.storyboard */; };
		22B3EC791C23FC96008BF87A /* OnFLEEKTests.swift in Sources */ = {isa = PBXBuildFile; fileRef = 22B3EC781C23FC96008BF87A /* OnFLEEKTests.swift */; };
		22B3EC841C23FC96008BF87A /* OnFLEEKUITests.swift in Sources */ = {isa = PBXBuildFile; fileRef = 22B3EC831C23FC96008BF87A /* OnFLEEKUITests.swift */; };
		22B3EC931C23FCD5008BF87A /* CloudKit.framework in Frameworks */ = {isa = PBXBuildFile; fileRef = 22B3EC921C23FCD5008BF87A /* CloudKit.framework */; };
		22B3EC951C240095008BF87A /* ClubCrawlViewController.swift in Sources */ = {isa = PBXBuildFile; fileRef = 22B3EC941C240095008BF87A /* ClubCrawlViewController.swift */; };
		22B3EC971C240184008BF87A /* MapViewController.swift in Sources */ = {isa = PBXBuildFile; fileRef = 22B3EC961C240184008BF87A /* MapViewController.swift */; };
		22B3EC981C240184008BF87A /* MapViewController.swift in Sources */ = {isa = PBXBuildFile; fileRef = 22B3EC961C240184008BF87A /* MapViewController.swift */; };
		22B3EC991C240184008BF87A /* MapViewController.swift in Sources */ = {isa = PBXBuildFile; fileRef = 22B3EC961C240184008BF87A /* MapViewController.swift */; };
/* End PBXBuildFile section */

/* Begin PBXContainerItemProxy section */
		22B3EC751C23FC96008BF87A /* PBXContainerItemProxy */ = {
			isa = PBXContainerItemProxy;
			containerPortal = 22B3EC581C23FC96008BF87A /* Project object */;
			proxyType = 1;
			remoteGlobalIDString = 22B3EC5F1C23FC96008BF87A;
			remoteInfo = OnFLEEK;
		};
		22B3EC801C23FC96008BF87A /* PBXContainerItemProxy */ = {
			isa = PBXContainerItemProxy;
			containerPortal = 22B3EC581C23FC96008BF87A /* Project object */;
			proxyType = 1;
			remoteGlobalIDString = 22B3EC5F1C23FC96008BF87A;
			remoteInfo = OnFLEEK;
		};
/* End PBXContainerItemProxy section */

/* Begin PBXFileReference section */
		22B3EC601C23FC96008BF87A /* OnFLEEK.app */ = {isa = PBXFileReference; explicitFileType = wrapper.application; includeInIndex = 0; path = OnFLEEK.app; sourceTree = BUILT_PRODUCTS_DIR; };
		22B3EC631C23FC96008BF87A /* AppDelegate.swift */ = {isa = PBXFileReference; lastKnownFileType = sourcecode.swift; path = AppDelegate.swift; sourceTree = "<group>"; };
		22B3EC681C23FC96008BF87A /* Base */ = {isa = PBXFileReference; lastKnownFileType = file.storyboard; name = Base; path = Base.lproj/Main.storyboard; sourceTree = "<group>"; };
		22B3EC6A1C23FC96008BF87A /* Assets.xcassets */ = {isa = PBXFileReference; lastKnownFileType = folder.assetcatalog; path = Assets.xcassets; sourceTree = "<group>"; };
		22B3EC6D1C23FC96008BF87A /* Base */ = {isa = PBXFileReference; lastKnownFileType = file.storyboard; name = Base; path = Base.lproj/LaunchScreen.storyboard; sourceTree = "<group>"; };
		22B3EC6F1C23FC96008BF87A /* Info.plist */ = {isa = PBXFileReference; lastKnownFileType = text.plist.xml; path = Info.plist; sourceTree = "<group>"; };
		22B3EC741C23FC96008BF87A /* OnFLEEKTests.xctest */ = {isa = PBXFileReference; explicitFileType = wrapper.cfbundle; includeInIndex = 0; path = OnFLEEKTests.xctest; sourceTree = BUILT_PRODUCTS_DIR; };
		22B3EC781C23FC96008BF87A /* OnFLEEKTests.swift */ = {isa = PBXFileReference; lastKnownFileType = sourcecode.swift; path = OnFLEEKTests.swift; sourceTree = "<group>"; };
		22B3EC7A1C23FC96008BF87A /* Info.plist */ = {isa = PBXFileReference; lastKnownFileType = text.plist.xml; path = Info.plist; sourceTree = "<group>"; };
		22B3EC7F1C23FC96008BF87A /* OnFLEEKUITests.xctest */ = {isa = PBXFileReference; explicitFileType = wrapper.cfbundle; includeInIndex = 0; path = OnFLEEKUITests.xctest; sourceTree = BUILT_PRODUCTS_DIR; };
		22B3EC831C23FC96008BF87A /* OnFLEEKUITests.swift */ = {isa = PBXFileReference; lastKnownFileType = sourcecode.swift; path = OnFLEEKUITests.swift; sourceTree = "<group>"; };
		22B3EC851C23FC96008BF87A /* Info.plist */ = {isa = PBXFileReference; lastKnownFileType = text.plist.xml; path = Info.plist; sourceTree = "<group>"; };
		22B3EC911C23FCD0008BF87A /* OnFLEEK.entitlements */ = {isa = PBXFileReference; lastKnownFileType = text.xml; path = OnFLEEK.entitlements; sourceTree = "<group>"; };
		22B3EC921C23FCD5008BF87A /* CloudKit.framework */ = {isa = PBXFileReference; lastKnownFileType = wrapper.framework; name = CloudKit.framework; path = System/Library/Frameworks/CloudKit.framework; sourceTree = SDKROOT; };
		22B3EC941C240095008BF87A /* ClubCrawlViewController.swift */ = {isa = PBXFileReference; fileEncoding = 4; lastKnownFileType = sourcecode.swift; name = ClubCrawlViewController.swift; path = ../ClubCrawlViewController.swift; sourceTree = "<group>"; };
		22B3EC961C240184008BF87A /* MapViewController.swift */ = {isa = PBXFileReference; fileEncoding = 4; lastKnownFileType = sourcecode.swift; path = MapViewController.swift; sourceTree = "<group>"; };
/* End PBXFileReference section */

/* Begin PBXFrameworksBuildPhase section */
		22B3EC5D1C23FC96008BF87A /* Frameworks */ = {
			isa = PBXFrameworksBuildPhase;
			buildActionMask = 2147483647;
			files = (
				22B3EC931C23FCD5008BF87A /* CloudKit.framework in Frameworks */,
			);
			runOnlyForDeploymentPostprocessing = 0;
		};
		22B3EC711C23FC96008BF87A /* Frameworks */ = {
			isa = PBXFrameworksBuildPhase;
			buildActionMask = 2147483647;
			files = (
			);
			runOnlyForDeploymentPostprocessing = 0;
		};
		22B3EC7C1C23FC96008BF87A /* Frameworks */ = {
			isa = PBXFrameworksBuildPhase;
			buildActionMask = 2147483647;
			files = (
			);
			runOnlyForDeploymentPostprocessing = 0;
		};
/* End PBXFrameworksBuildPhase section */

/* Begin PBXGroup section */
		22B3EC571C23FC96008BF87A = {
			isa = PBXGroup;
			children = (
				22B3EC921C23FCD5008BF87A /* CloudKit.framework */,
				22B3EC621C23FC96008BF87A /* OnFLEEK */,
				22B3EC771C23FC96008BF87A /* OnFLEEKTests */,
				22B3EC821C23FC96008BF87A /* OnFLEEKUITests */,
				22B3EC611C23FC96008BF87A /* Products */,
			);
			sourceTree = "<group>";
		};
		22B3EC611C23FC96008BF87A /* Products */ = {
			isa = PBXGroup;
			children = (
				22B3EC601C23FC96008BF87A /* OnFLEEK.app */,
				22B3EC741C23FC96008BF87A /* OnFLEEKTests.xctest */,
				22B3EC7F1C23FC96008BF87A /* OnFLEEKUITests.xctest */,
			);
			name = Products;
			sourceTree = "<group>";
		};
		22B3EC621C23FC96008BF87A /* OnFLEEK */ = {
			isa = PBXGroup;
			children = (
				22B3EC9C1C240CA9008BF87A /* StoryBoards */,
				22B3EC9B1C240C8E008BF87A /* Resources */,
				22B3EC9A1C240C50008BF87A /* View Controllers */,
			);
			path = OnFLEEK;
			sourceTree = "<group>";
		};
		22B3EC771C23FC96008BF87A /* OnFLEEKTests */ = {
			isa = PBXGroup;
			children = (
				22B3EC781C23FC96008BF87A /* OnFLEEKTests.swift */,
				22B3EC7A1C23FC96008BF87A /* Info.plist */,
			);
			path = OnFLEEKTests;
			sourceTree = "<group>";
		};
		22B3EC821C23FC96008BF87A /* OnFLEEKUITests */ = {
			isa = PBXGroup;
			children = (
				22B3EC831C23FC96008BF87A /* OnFLEEKUITests.swift */,
				22B3EC851C23FC96008BF87A /* Info.plist */,
			);
			path = OnFLEEKUITests;
			sourceTree = "<group>";
		};
		22B3EC9A1C240C50008BF87A /* View Controllers */ = {
			isa = PBXGroup;
			children = (
				22B3EC941C240095008BF87A /* ClubCrawlViewController.swift */,
				22B3EC961C240184008BF87A /* MapViewController.swift */,
			);
			name = "View Controllers";
			sourceTree = "<group>";
		};
		22B3EC9B1C240C8E008BF87A /* Resources */ = {
			isa = PBXGroup;
			children = (
				22B3EC911C23FCD0008BF87A /* OnFLEEK.entitlements */,
				22B3EC6A1C23FC96008BF87A /* Assets.xcassets */,
				22B3EC6C1C23FC96008BF87A /* LaunchScreen.storyboard */,
				22B3EC6F1C23FC96008BF87A /* Info.plist */,
				22B3EC631C23FC96008BF87A /* AppDelegate.swift */,
			);
			name = Resources;
			sourceTree = "<group>";
		};
		22B3EC9C1C240CA9008BF87A /* StoryBoards */ = {
			isa = PBXGroup;
			children = (
				22B3EC671C23FC96008BF87A /* Main.storyboard */,
			);
			name = StoryBoards;
			sourceTree = "<group>";
		};
/* End PBXGroup section */

/* Begin PBXNativeTarget section */
		22B3EC5F1C23FC96008BF87A /* OnFLEEK */ = {
			isa = PBXNativeTarget;
			buildConfigurationList = 22B3EC881C23FC96008BF87A /* Build configuration list for PBXNativeTarget "OnFLEEK" */;
			buildPhases = (
				22B3EC5C1C23FC96008BF87A /* Sources */,
				22B3EC5D1C23FC96008BF87A /* Frameworks */,
				22B3EC5E1C23FC96008BF87A /* Resources */,
			);
			buildRules = (
			);
			dependencies = (
			);
			name = OnFLEEK;
			productName = OnFLEEK;
			productReference = 22B3EC601C23FC96008BF87A /* OnFLEEK.app */;
			productType = "com.apple.product-type.application";
		};
		22B3EC731C23FC96008BF87A /* OnFLEEKTests */ = {
			isa = PBXNativeTarget;
			buildConfigurationList = 22B3EC8B1C23FC96008BF87A /* Build configuration list for PBXNativeTarget "OnFLEEKTests" */;
			buildPhases = (
				22B3EC701C23FC96008BF87A /* Sources */,
				22B3EC711C23FC96008BF87A /* Frameworks */,
				22B3EC721C23FC96008BF87A /* Resources */,
			);
			buildRules = (
			);
			dependencies = (
				22B3EC761C23FC96008BF87A /* PBXTargetDependency */,
			);
			name = OnFLEEKTests;
			productName = OnFLEEKTests;
			productReference = 22B3EC741C23FC96008BF87A /* OnFLEEKTests.xctest */;
			productType = "com.apple.product-type.bundle.unit-test";
		};
		22B3EC7E1C23FC96008BF87A /* OnFLEEKUITests */ = {
			isa = PBXNativeTarget;
			buildConfigurationList = 22B3EC8E1C23FC96008BF87A /* Build configuration list for PBXNativeTarget "OnFLEEKUITests" */;
			buildPhases = (
				22B3EC7B1C23FC96008BF87A /* Sources */,
				22B3EC7C1C23FC96008BF87A /* Frameworks */,
				22B3EC7D1C23FC96008BF87A /* Resources */,
			);
			buildRules = (
			);
			dependencies = (
				22B3EC811C23FC96008BF87A /* PBXTargetDependency */,
			);
			name = OnFLEEKUITests;
			productName = OnFLEEKUITests;
			productReference = 22B3EC7F1C23FC96008BF87A /* OnFLEEKUITests.xctest */;
			productType = "com.apple.product-type.bundle.ui-testing";
		};
/* End PBXNativeTarget section */

/* Begin PBXProject section */
		22B3EC581C23FC96008BF87A /* Project object */ = {
			isa = PBXProject;
			attributes = {
				LastSwiftUpdateCheck = 0720;
				LastUpgradeCheck = 0720;
				ORGANIZATIONNAME = beyond2021;
				TargetAttributes = {
					22B3EC5F1C23FC96008BF87A = {
						CreatedOnToolsVersion = 7.2;
						DevelopmentTeam = SC6R6MV2N8;
						SystemCapabilities = {
							com.apple.BackgroundModes = {
								enabled = 1;
							};
							com.apple.Push = {
								enabled = 1;
							};
							com.apple.iCloud = {
								enabled = 1;
							};
						};
					};
					22B3EC731C23FC96008BF87A = {
						CreatedOnToolsVersion = 7.2;
						TestTargetID = 22B3EC5F1C23FC96008BF87A;
					};
					22B3EC7E1C23FC96008BF87A = {
						CreatedOnToolsVersion = 7.2;
						TestTargetID = 22B3EC5F1C23FC96008BF87A;
					};
				};
			};
			buildConfigurationList = 22B3EC5B1C23FC96008BF87A /* Build configuration list for PBXProject "OnFLEEK" */;
			compatibilityVersion = "Xcode 3.2";
			developmentRegion = English;
			hasScannedForEncodings = 0;
			knownRegions = (
				en,
				Base,
			);
			mainGroup = 22B3EC571C23FC96008BF87A;
			productRefGroup = 22B3EC611C23FC96008BF87A /* Products */;
			projectDirPath = "";
			projectRoot = "";
			targets = (
				22B3EC5F1C23FC96008BF87A /* OnFLEEK */,
				22B3EC731C23FC96008BF87A /* OnFLEEKTests */,
				22B3EC7E1C23FC96008BF87A /* OnFLEEKUITests */,
			);
		};
/* End PBXProject section */

/* Begin PBXResourcesBuildPhase section */
		22B3EC5E1C23FC96008BF87A /* Resources */ = {
			isa = PBXResourcesBuildPhase;
			buildActionMask = 2147483647;
			files = (
				22B3EC6E1C23FC96008BF87A /* LaunchScreen.storyboard in Resources */,
				22B3EC6B1C23FC96008BF87A /* Assets.xcassets in Resources */,
				22B3EC691C23FC96008BF87A /* Main.storyboard in Resources */,
			);
			runOnlyForDeploymentPostprocessing = 0;
		};
		22B3EC721C23FC96008BF87A /* Resources */ = {
			isa = PBXResourcesBuildPhase;
			buildActionMask = 2147483647;
			files = (
			);
			runOnlyForDeploymentPostprocessing = 0;
		};
		22B3EC7D1C23FC96008BF87A /* Resources */ = {
			isa = PBXResourcesBuildPhase;
			buildActionMask = 2147483647;
			files = (
			);
			runOnlyForDeploymentPostprocessing = 0;
		};
/* End PBXResourcesBuildPhase section */

/* Begin PBXSourcesBuildPhase section */
		22B3EC5C1C23FC96008BF87A /* Sources */ = {
			isa = PBXSourcesBuildPhase;
			buildActionMask = 2147483647;
			files = (
				22B3EC951C240095008BF87A /* ClubCrawlViewController.swift in Sources */,
				22B3EC971C240184008BF87A /* MapViewController.swift in Sources */,
				22B3EC641C23FC96008BF87A /* AppDelegate.swift in Sources */,
			);
			runOnlyForDeploymentPostprocessing = 0;
		};
		22B3EC701C23FC96008BF87A /* Sources */ = {
			isa = PBXSourcesBuildPhase;
			buildActionMask = 2147483647;
			files = (
				22B3EC791C23FC96008BF87A /* OnFLEEKTests.swift in Sources */,
				22B3EC981C240184008BF87A /* MapViewController.swift in Sources */,
			);
			runOnlyForDeploymentPostprocessing = 0;
		};
		22B3EC7B1C23FC96008BF87A /* Sources */ = {
			isa = PBXSourcesBuildPhase;
			buildActionMask = 2147483647;
			files = (
				22B3EC841C23FC96008BF87A /* OnFLEEKUITests.swift in Sources */,
				22B3EC991C240184008BF87A /* MapViewController.swift in Sources */,
			);
			runOnlyForDeploymentPostprocessing = 0;
		};
/* End PBXSourcesBuildPhase section */

/* Begin PBXTargetDependency section */
		22B3EC761C23FC96008BF87A /* PBXTargetDependency */ = {
			isa = PBXTargetDependency;
			target = 22B3EC5F1C23FC96008BF87A /* OnFLEEK */;
			targetProxy = 22B3EC751C23FC96008BF87A /* PBXContainerItemProxy */;
		};
		22B3EC811C23FC96008BF87A /* PBXTargetDependency */ = {
			isa = PBXTargetDependency;
			target = 22B3EC5F1C23FC96008BF87A /* OnFLEEK */;
			targetProxy = 22B3EC801C23FC96008BF87A /* PBXContainerItemProxy */;
		};
/* End PBXTargetDependency section */

/* Begin PBXVariantGroup section */
		22B3EC671C23FC96008BF87A /* Main.storyboard */ = {
			isa = PBXVariantGroup;
			children = (
				22B3EC681C23FC96008BF87A /* Base */,
			);
			name = Main.storyboard;
			sourceTree = "<group>";
		};
		22B3EC6C1C23FC96008BF87A /* LaunchScreen.storyboard */ = {
			isa = PBXVariantGroup;
			children = (
				22B3EC6D1C23FC96008BF87A /* Base */,
			);
			name = LaunchScreen.storyboard;
			sourceTree = "<group>";
		};
/* End PBXVariantGroup section */

/* Begin XCBuildConfiguration section */
		22B3EC861C23FC96008BF87A /* Debug */ = {
			isa = XCBuildConfiguration;
			buildSettings = {
				ALWAYS_SEARCH_USER_PATHS = NO;
				CLANG_CXX_LANGUAGE_STANDARD = "gnu++0x";
				CLANG_CXX_LIBRARY = "libc++";
				CLANG_ENABLE_MODULES = YES;
				CLANG_ENABLE_OBJC_ARC = YES;
				CLANG_WARN_BOOL_CONVERSION = YES;
				CLANG_WARN_CONSTANT_CONVERSION = YES;
				CLANG_WARN_DIRECT_OBJC_ISA_USAGE = YES_ERROR;
				CLANG_WARN_EMPTY_BODY = YES;
				CLANG_WARN_ENUM_CONVERSION = YES;
				CLANG_WARN_INT_CONVERSION = YES;
				CLANG_WARN_OBJC_ROOT_CLASS = YES_ERROR;
				CLANG_WARN_UNREACHABLE_CODE = YES;
				CLANG_WARN__DUPLICATE_METHOD_MATCH = YES;
				"CODE_SIGN_IDENTITY[sdk=iphoneos*]" = "iPhone Developer";
				COPY_PHASE_STRIP = NO;
				DEBUG_INFORMATION_FORMAT = dwarf;
				ENABLE_STRICT_OBJC_MSGSEND = YES;
				ENABLE_TESTABILITY = YES;
				GCC_C_LANGUAGE_STANDARD = gnu99;
				GCC_DYNAMIC_NO_PIC = NO;
				GCC_NO_COMMON_BLOCKS = YES;
				GCC_OPTIMIZATION_LEVEL = 0;
				GCC_PREPROCESSOR_DEFINITIONS = (
					"DEBUG=1",
					"$(inherited)",
				);
				GCC_WARN_64_TO_32_BIT_CONVERSION = YES;
				GCC_WARN_ABOUT_RETURN_TYPE = YES_ERROR;
				GCC_WARN_UNDECLARED_SELECTOR = YES;
				GCC_WARN_UNINITIALIZED_AUTOS = YES_AGGRESSIVE;
				GCC_WARN_UNUSED_FUNCTION = YES;
				GCC_WARN_UNUSED_VARIABLE = YES;
				IPHONEOS_DEPLOYMENT_TARGET = 9.2;
				MTL_ENABLE_DEBUG_INFO = YES;
				ONLY_ACTIVE_ARCH = YES;
				SDKROOT = iphoneos;
				SWIFT_OPTIMIZATION_LEVEL = "-Onone";
			};
			name = Debug;
		};
		22B3EC871C23FC96008BF87A /* Release */ = {
			isa = XCBuildConfiguration;
			buildSettings = {
				ALWAYS_SEARCH_USER_PATHS = NO;
				CLANG_CXX_LANGUAGE_STANDARD = "gnu++0x";
				CLANG_CXX_LIBRARY = "libc++";
				CLANG_ENABLE_MODULES = YES;
				CLANG_ENABLE_OBJC_ARC = YES;
				CLANG_WARN_BOOL_CONVERSION = YES;
				CLANG_WARN_CONSTANT_CONVERSION = YES;
				CLANG_WARN_DIRECT_OBJC_ISA_USAGE = YES_ERROR;
				CLANG_WARN_EMPTY_BODY = YES;
				CLANG_WARN_ENUM_CONVERSION = YES;
				CLANG_WARN_INT_CONVERSION = YES;
				CLANG_WARN_OBJC_ROOT_CLASS = YES_ERROR;
				CLANG_WARN_UNREACHABLE_CODE = YES;
				CLANG_WARN__DUPLICATE_METHOD_MATCH = YES;
				"CODE_SIGN_IDENTITY[sdk=iphoneos*]" = "iPhone Developer";
				COPY_PHASE_STRIP = NO;
				DEBUG_INFORMATION_FORMAT = "dwarf-with-dsym";
				ENABLE_NS_ASSERTIONS = NO;
				ENABLE_STRICT_OBJC_MSGSEND = YES;
				GCC_C_LANGUAGE_STANDARD = gnu99;
				GCC_NO_COMMON_BLOCKS = YES;
				GCC_WARN_64_TO_32_BIT_CONVERSION = YES;
				GCC_WARN_ABOUT_RETURN_TYPE = YES_ERROR;
				GCC_WARN_UNDECLARED_SELECTOR = YES;
				GCC_WARN_UNINITIALIZED_AUTOS = YES_AGGRESSIVE;
				GCC_WARN_UNUSED_FUNCTION = YES;
				GCC_WARN_UNUSED_VARIABLE = YES;
				IPHONEOS_DEPLOYMENT_TARGET = 9.2;
				MTL_ENABLE_DEBUG_INFO = NO;
				SDKROOT = iphoneos;
				VALIDATE_PRODUCT = YES;
			};
			name = Release;
		};
		22B3EC891C23FC96008BF87A /* Debug */ = {
			isa = XCBuildConfiguration;
			buildSettings = {
				ASSETCATALOG_COMPILER_APPICON_NAME = AppIcon;
				CODE_SIGN_ENTITLEMENTS = OnFLEEK/OnFLEEK.entitlements;
				CODE_SIGN_IDENTITY = "iPhone Developer";
				"CODE_SIGN_IDENTITY[sdk=iphoneos*]" = "iPhone Developer";
				INFOPLIST_FILE = OnFLEEK/Info.plist;
				LD_RUNPATH_SEARCH_PATHS = "$(inherited) @executable_path/Frameworks";
				PRODUCT_BUNDLE_IDENTIFIER = com.beyond2021.OnFLEEK;
				PRODUCT_NAME = "$(TARGET_NAME)";
				PROVISIONING_PROFILE = "";
				TARGETED_DEVICE_FAMILY = "1,2";
			};
			name = Debug;
		};
		22B3EC8A1C23FC96008BF87A /* Release */ = {
			isa = XCBuildConfiguration;
			buildSettings = {
				ASSETCATALOG_COMPILER_APPICON_NAME = AppIcon;
				CODE_SIGN_ENTITLEMENTS = OnFLEEK/OnFLEEK.entitlements;
				CODE_SIGN_IDENTITY = "iPhone Developer";
				"CODE_SIGN_IDENTITY[sdk=iphoneos*]" = "iPhone Developer";
				INFOPLIST_FILE = OnFLEEK/Info.plist;
				LD_RUNPATH_SEARCH_PATHS = "$(inherited) @executable_path/Frameworks";
				PRODUCT_BUNDLE_IDENTIFIER = com.beyond2021.OnFLEEK;
				PRODUCT_NAME = "$(TARGET_NAME)";
				PROVISIONING_PROFILE = "";
				TARGETED_DEVICE_FAMILY = "1,2";
			};
			name = Release;
		};
		22B3EC8C1C23FC96008BF87A /* Debug */ = {
			isa = XCBuildConfiguration;
			buildSettings = {
				BUNDLE_LOADER = "$(TEST_HOST)";
				INFOPLIST_FILE = OnFLEEKTests/Info.plist;
				LD_RUNPATH_SEARCH_PATHS = "$(inherited) @executable_path/Frameworks @loader_path/Frameworks";
				PRODUCT_BUNDLE_IDENTIFIER = com.beyond2021.OnFLEEKTests;
				PRODUCT_NAME = "$(TARGET_NAME)";
				TEST_HOST = "$(BUILT_PRODUCTS_DIR)/OnFLEEK.app/OnFLEEK";
			};
			name = Debug;
		};
		22B3EC8D1C23FC96008BF87A /* Release */ = {
			isa = XCBuildConfiguration;
			buildSettings = {
				BUNDLE_LOADER = "$(TEST_HOST)";
				INFOPLIST_FILE = OnFLEEKTests/Info.plist;
				LD_RUNPATH_SEARCH_PATHS = "$(inherited) @executable_path/Frameworks @loader_path/Frameworks";
				PRODUCT_BUNDLE_IDENTIFIER = com.beyond2021.OnFLEEKTests;
				PRODUCT_NAME = "$(TARGET_NAME)";
				TEST_HOST = "$(BUILT_PRODUCTS_DIR)/OnFLEEK.app/OnFLEEK";
			};
			name = Release;
		};
		22B3EC8F1C23FC96008BF87A /* Debug */ = {
			isa = XCBuildConfiguration;
			buildSettings = {
				INFOPLIST_FILE = OnFLEEKUITests/Info.plist;
				LD_RUNPATH_SEARCH_PATHS = "$(inherited) @executable_path/Frameworks @loader_path/Frameworks";
				PRODUCT_BUNDLE_IDENTIFIER = com.beyond2021.OnFLEEKUITests;
				PRODUCT_NAME = "$(TARGET_NAME)";
				TEST_TARGET_NAME = OnFLEEK;
				USES_XCTRUNNER = YES;
			};
			name = Debug;
		};
		22B3EC901C23FC96008BF87A /* Release */ = {
			isa = XCBuildConfiguration;
			buildSettings = {
				INFOPLIST_FILE = OnFLEEKUITests/Info.plist;
				LD_RUNPATH_SEARCH_PATHS = "$(inherited) @executable_path/Frameworks @loader_path/Frameworks";
				PRODUCT_BUNDLE_IDENTIFIER = com.beyond2021.OnFLEEKUITests;
				PRODUCT_NAME = "$(TARGET_NAME)";
				TEST_TARGET_NAME = OnFLEEK;
				USES_XCTRUNNER = YES;
			};
			name = Release;
		};
/* End XCBuildConfiguration section */

/* Begin XCConfigurationList section */
		22B3EC5B1C23FC96008BF87A /* Build configuration list for PBXProject "OnFLEEK" */ = {
			isa = XCConfigurationList;
			buildConfigurations = (
				22B3EC861C23FC96008BF87A /* Debug */,
				22B3EC871C23FC96008BF87A /* Release */,
			);
			defaultConfigurationIsVisible = 0;
			defaultConfigurationName = Release;
		};
		22B3EC881C23FC96008BF87A /* Build configuration list for PBXNativeTarget "OnFLEEK" */ = {
			isa = XCConfigurationList;
			buildConfigurations = (
				22B3EC891C23FC96008BF87A /* Debug */,
				22B3EC8A1C23FC96008BF87A /* Release */,
			);
			defaultConfigurationIsVisible = 0;
		};
		22B3EC8B1C23FC96008BF87A /* Build configuration list for PBXNativeTarget "OnFLEEKTests" */ = {
			isa = XCConfigurationList;
			buildConfigurations = (
				22B3EC8C1C23FC96008BF87A /* Debug */,
				22B3EC8D1C23FC96008BF87A /* Release */,
			);
			defaultConfigurationIsVisible = 0;
		};
		22B3EC8E1C23FC96008BF87A /* Build configuration list for PBXNativeTarget "OnFLEEKUITests" */ = {
			isa = XCConfigurationList;
			buildConfigurations = (
				22B3EC8F1C23FC96008BF87A /* Debug */,
				22B3EC901C23FC96008BF87A /* Release */,
			);
			defaultConfigurationIsVisible = 0;
		};
/* End XCConfigurationList section */
	};
	rootObject = 22B3EC581C23FC96008BF87A /* Project object */;
}
