// !$*UTF8*$!
{
	archiveVersion = 1;
	classes = {
	};
	objectVersion = 46;
	objects = {

/* Begin PBXBuildFile section */
		22B3EC641C23FC96008BF87A /* AppDelegate.swift in Sources */ = {isa = PBXBuildFile; fileRef = 22B3EC631C23FC96008BF87A /* AppDelegate.swift */; };
		22B3EC691C23FC96008BF87A /* Main.storyboard in Resources */ = {isa = PBXBuildFile; fileRef = 22B3EC671C23FC96008BF87A /* Main.storyboard */; };
		22B3EC6B1C23FC96008BF87A /* Assets.xcassets in Resources */ = {isa = PBXBuildFile; fileRef = 22B3EC6A1C23FC96008BF87A /* Assets.xcassets */; };
		22B3EC6E1C23FC96008BF87A /* LaunchScreen.storyboard in Resources */ = {isa = PBXBuildFile; fileRef = 22B3EC6C1C23FC96008BF87A /* LaunchScreen.storyboard */; };
		22B3EC791C23FC96008BF87A /* OnFLEEKTests.swift in Sources */ = {isa = PBXBuildFile; fileRef = 22B3EC781C23FC96008BF87A /* OnFLEEKTests.swift */; };
		22B3EC841C23FC96008BF87A /* OnFLEEKUITests.swift in Sources */ = {isa = PBXBuildFile; fileRef = 22B3EC831C23FC96008BF87A /* OnFLEEKUITests.swift */; };
		22B3EC931C23FCD5008BF87A /* CloudKit.framework in Frameworks */ = {isa = PBXBuildFile; fileRef = 22B3EC921C23FCD5008BF87A /* CloudKit.framework */; };
		22B3EC951C240095008BF87A /* ClubCrawlViewController.swift in Sources */ = {isa = PBXBuildFile; fileRef = 22B3EC941C240095008BF87A /* ClubCrawlViewController.swift */; };
		22B3EC971C240184008BF87A /* MapViewController.swift in Sources */ = {isa = PBXBuildFile; fileRef = 22B3EC961C240184008BF87A /* MapViewController.swift */; };
		22B3EC981C240184008BF87A /* MapViewController.swift in Sources */ = {isa = PBXBuildFile; fileRef = 22B3EC961C240184008BF87A /* MapViewController.swift */; };
		22B3EC991C240184008BF87A /* MapViewController.swift in Sources */ = {isa = PBXBuildFile; fileRef = 22B3EC961C240184008BF87A /* MapViewController.swift */; };
		22B3EC9F1C241594008BF87A /* Model.swift in Sources */ = {isa = PBXBuildFile; fileRef = 22B3EC9E1C241594008BF87A /* Model.swift */; };
		22B3ECA01C241594008BF87A /* Model.swift in Sources */ = {isa = PBXBuildFile; fileRef = 22B3EC9E1C241594008BF87A /* Model.swift */; };
		22B3ECA11C241594008BF87A /* Model.swift in Sources */ = {isa = PBXBuildFile; fileRef = 22B3EC9E1C241594008BF87A /* Model.swift */; };
		22B3ECA31C241692008BF87A /* Party.swift in Sources */ = {isa = PBXBuildFile; fileRef = 22B3ECA21C241692008BF87A /* Party.swift */; };
		22B3ECA41C241692008BF87A /* Party.swift in Sources */ = {isa = PBXBuildFile; fileRef = 22B3ECA21C241692008BF87A /* Party.swift */; };
		22B3ECA51C241692008BF87A /* Party.swift in Sources */ = {isa = PBXBuildFile; fileRef = 22B3ECA21C241692008BF87A /* Party.swift */; };
		22B3ECA71C24173A008BF87A /* UserInfo.swift in Sources */ = {isa = PBXBuildFile; fileRef = 22B3ECA61C24173A008BF87A /* UserInfo.swift */; };
		22B3ECA81C24173A008BF87A /* UserInfo.swift in Sources */ = {isa = PBXBuildFile; fileRef = 22B3ECA61C24173A008BF87A /* UserInfo.swift */; };
		22B3ECA91C24173A008BF87A /* UserInfo.swift in Sources */ = {isa = PBXBuildFile; fileRef = 22B3ECA61C24173A008BF87A /* UserInfo.swift */; };
		22B3ECAB1C24FA11008BF87A /* WorkAround.swift in Sources */ = {isa = PBXBuildFile; fileRef = 22B3ECAA1C24FA11008BF87A /* WorkAround.swift */; };
		22B3ECAC1C24FA11008BF87A /* WorkAround.swift in Sources */ = {isa = PBXBuildFile; fileRef = 22B3ECAA1C24FA11008BF87A /* WorkAround.swift */; };
		22B3ECAD1C24FA11008BF87A /* WorkAround.swift in Sources */ = {isa = PBXBuildFile; fileRef = 22B3ECAA1C24FA11008BF87A /* WorkAround.swift */; };
		22F374581C3276F600D3E390 /* Koloda.framework in Frameworks */ = {isa = PBXBuildFile; fileRef = 22F374571C3276F600D3E390 /* Koloda.framework */; };
		22F3745A1C32770200D3E390 /* pop.framework in Frameworks */ = {isa = PBXBuildFile; fileRef = 22F374591C32770200D3E390 /* pop.framework */; };
		22F3745E1C327CC600D3E390 /* Photo.swift in Sources */ = {isa = PBXBuildFile; fileRef = 22F3745D1C327CC600D3E390 /* Photo.swift */; };
		22F374671C32816100D3E390 /* AAPLCloudManager.m in Sources */ = {isa = PBXBuildFile; fileRef = 22F374661C32816100D3E390 /* AAPLCloudManager.m */; };
		22F3746B1C32837300D3E390 /* FleekViewController.swift in Sources */ = {isa = PBXBuildFile; fileRef = 22F3746A1C32837300D3E390 /* FleekViewController.swift */; };
		8BCABEB9804165C808083023 /* Pods_OnFLEEK.framework in Frameworks */ = {isa = PBXBuildFile; fileRef = 5EF659CCE42A3010A3541AA7 /* Pods_OnFLEEK.framework */; settings = {ATTRIBUTES = (Weak, ); }; };
/* End PBXBuildFile section */

/* Begin PBXContainerItemProxy section */
		22B3EC751C23FC96008BF87A /* PBXContainerItemProxy */ = {
			isa = PBXContainerItemProxy;
			containerPortal = 22B3EC581C23FC96008BF87A /* Project object */;
			proxyType = 1;
			remoteGlobalIDString = 22B3EC5F1C23FC96008BF87A;
			remoteInfo = OnFLEEK;
		};
		22B3EC801C23FC96008BF87A /* PBXContainerItemProxy */ = {
			isa = PBXContainerItemProxy;
			containerPortal = 22B3EC581C23FC96008BF87A /* Project object */;
			proxyType = 1;
			remoteGlobalIDString = 22B3EC5F1C23FC96008BF87A;
			remoteInfo = OnFLEEK;
		};
/* End PBXContainerItemProxy section */

/* Begin PBXFileReference section */
		22B3EC601C23FC96008BF87A /* OnFLEEK.app */ = {isa = PBXFileReference; explicitFileType = wrapper.application; includeInIndex = 0; path = OnFLEEK.app; sourceTree = BUILT_PRODUCTS_DIR; };
		22B3EC631C23FC96008BF87A /* AppDelegate.swift */ = {isa = PBXFileReference; lastKnownFileType = sourcecode.swift; path = AppDelegate.swift; sourceTree = "<group>"; };
		22B3EC681C23FC96008BF87A /* Base */ = {isa = PBXFileReference; lastKnownFileType = file.storyboard; name = Base; path = Base.lproj/Main.storyboard; sourceTree = "<group>"; };
		22B3EC6A1C23FC96008BF87A /* Assets.xcassets */ = {isa = PBXFileReference; lastKnownFileType = folder.assetcatalog; path = Assets.xcassets; sourceTree = "<group>"; };
		22B3EC6D1C23FC96008BF87A /* Base */ = {isa = PBXFileReference; lastKnownFileType = file.storyboard; name = Base; path = Base.lproj/LaunchScreen.storyboard; sourceTree = "<group>"; };
		22B3EC6F1C23FC96008BF87A /* Info.plist */ = {isa = PBXFileReference; lastKnownFileType = text.plist.xml; path = Info.plist; sourceTree = "<group>"; };
		22B3EC741C23FC96008BF87A /* OnFLEEKTests.xctest */ = {isa = PBXFileReference; explicitFileType = wrapper.cfbundle; includeInIndex = 0; path = OnFLEEKTests.xctest; sourceTree = BUILT_PRODUCTS_DIR; };
		22B3EC781C23FC96008BF87A /* OnFLEEKTests.swift */ = {isa = PBXFileReference; lastKnownFileType = sourcecode.swift; path = OnFLEEKTests.swift; sourceTree = "<group>"; };
		22B3EC7A1C23FC96008BF87A /* Info.plist */ = {isa = PBXFileReference; lastKnownFileType = text.plist.xml; path = Info.plist; sourceTree = "<group>"; };
		22B3EC7F1C23FC96008BF87A /* OnFLEEKUITests.xctest */ = {isa = PBXFileReference; explicitFileType = wrapper.cfbundle; includeInIndex = 0; path = OnFLEEKUITests.xctest; sourceTree = BUILT_PRODUCTS_DIR; };
		22B3EC831C23FC96008BF87A /* OnFLEEKUITests.swift */ = {isa = PBXFileReference; lastKnownFileType = sourcecode.swift; path = OnFLEEKUITests.swift; sourceTree = "<group>"; };
		22B3EC851C23FC96008BF87A /* Info.plist */ = {isa = PBXFileReference; lastKnownFileType = text.plist.xml; path = Info.plist; sourceTree = "<group>"; };
		22B3EC911C23FCD0008BF87A /* OnFLEEK.entitlements */ = {isa = PBXFileReference; lastKnownFileType = text.xml; path = OnFLEEK.entitlements; sourceTree = "<group>"; };
		22B3EC921C23FCD5008BF87A /* CloudKit.framework */ = {isa = PBXFileReference; lastKnownFileType = wrapper.framework; name = CloudKit.framework; path = System/Library/Frameworks/CloudKit.framework; sourceTree = SDKROOT; };
		22B3EC941C240095008BF87A /* ClubCrawlViewController.swift */ = {isa = PBXFileReference; fileEncoding = 4; lastKnownFileType = sourcecode.swift; name = ClubCrawlViewController.swift; path = ../ClubCrawlViewController.swift; sourceTree = "<group>"; };
		22B3EC961C240184008BF87A /* MapViewController.swift */ = {isa = PBXFileReference; fileEncoding = 4; lastKnownFileType = sourcecode.swift; path = MapViewController.swift; sourceTree = "<group>"; };
		22B3EC9E1C241594008BF87A /* Model.swift */ = {isa = PBXFileReference; fileEncoding = 4; lastKnownFileType = sourcecode.swift; path = Model.swift; sourceTree = "<group>"; };
		22B3ECA21C241692008BF87A /* Party.swift */ = {isa = PBXFileReference; fileEncoding = 4; lastKnownFileType = sourcecode.swift; path = Party.swift; sourceTree = "<group>"; };
		22B3ECA61C24173A008BF87A /* UserInfo.swift */ = {isa = PBXFileReference; fileEncoding = 4; lastKnownFileType = sourcecode.swift; path = UserInfo.swift; sourceTree = "<group>"; };
		22B3ECAA1C24FA11008BF87A /* WorkAround.swift */ = {isa = PBXFileReference; fileEncoding = 4; lastKnownFileType = sourcecode.swift; path = WorkAround.swift; sourceTree = "<group>"; };
		22F374571C3276F600D3E390 /* Koloda.framework */ = {isa = PBXFileReference; lastKnownFileType = wrapper.framework; name = Koloda.framework; path = "Pods/../build/Debug-iphoneos/Koloda.framework"; sourceTree = "<group>"; };
		22F374591C32770200D3E390 /* pop.framework */ = {isa = PBXFileReference; lastKnownFileType = wrapper.framework; name = pop.framework; path = "Pods/../build/Debug-iphoneos/pop.framework"; sourceTree = "<group>"; };
		22F3745D1C327CC600D3E390 /* Photo.swift */ = {isa = PBXFileReference; fileEncoding = 4; lastKnownFileType = sourcecode.swift; path = Photo.swift; sourceTree = "<group>"; };
		22F374641C32815F00D3E390 /* OnFLEEK-Bridging-Header.h */ = {isa = PBXFileReference; lastKnownFileType = sourcecode.c.h; path = "OnFLEEK-Bridging-Header.h"; sourceTree = "<group>"; };
		22F374651C32816100D3E390 /* AAPLCloudManager.h */ = {isa = PBXFileReference; fileEncoding = 4; lastKnownFileType = sourcecode.c.h; path = AAPLCloudManager.h; sourceTree = "<group>"; };
		22F374661C32816100D3E390 /* AAPLCloudManager.m */ = {isa = PBXFileReference; fileEncoding = 4; lastKnownFileType = sourcecode.c.objc; path = AAPLCloudManager.m; sourceTree = "<group>"; };
		22F3746A1C32837300D3E390 /* FleekViewController.swift */ = {isa = PBXFileReference; fileEncoding = 4; lastKnownFileType = sourcecode.swift; path = FleekViewController.swift; sourceTree = "<group>"; };
		4E463FAC1D1206092D4A3965 /* Pods-OnFLEEK.release.xcconfig */ = {isa = PBXFileReference; includeInIndex = 1; lastKnownFileType = text.xcconfig; name = "Pods-OnFLEEK.release.xcconfig"; path = "Pods/Target Support Files/Pods-OnFLEEK/Pods-OnFLEEK.release.xcconfig"; sourceTree = "<group>"; };
		5EF659CCE42A3010A3541AA7 /* Pods_OnFLEEK.framework */ = {isa = PBXFileReference; explicitFileType = wrapper.framework; includeInIndex = 0; path = Pods_OnFLEEK.framework; sourceTree = BUILT_PRODUCTS_DIR; };
		C476DE376FBAD79AECCF0BA1 /* Pods-OnFLEEK.debug.xcconfig */ = {isa = PBXFileReference; includeInIndex = 1; lastKnownFileType = text.xcconfig; name = "Pods-OnFLEEK.debug.xcconfig"; path = "Pods/Target Support Files/Pods-OnFLEEK/Pods-OnFLEEK.debug.xcconfig"; sourceTree = "<group>"; };
/* End PBXFileReference section */

/* Begin PBXFrameworksBuildPhase section */
		22B3EC5D1C23FC96008BF87A /* Frameworks */ = {
			isa = PBXFrameworksBuildPhase;
			buildActionMask = 2147483647;
			files = (
				22F3745A1C32770200D3E390 /* pop.framework in Frameworks */,
				22F374581C3276F600D3E390 /* Koloda.framework in Frameworks */,
				22B3EC931C23FCD5008BF87A /* CloudKit.framework in Frameworks */,
				8BCABEB9804165C808083023 /* Pods_OnFLEEK.framework in Frameworks */,
			);
			runOnlyForDeploymentPostprocessing = 0;
		};
		22B3EC711C23FC96008BF87A /* Frameworks */ = {
			isa = PBXFrameworksBuildPhase;
			buildActionMask = 2147483647;
			files = (
			);
			runOnlyForDeploymentPostprocessing = 0;
		};
		22B3EC7C1C23FC96008BF87A /* Frameworks */ = {
			isa = PBXFrameworksBuildPhase;
			buildActionMask = 2147483647;
			files = (
			);
			runOnlyForDeploymentPostprocessing = 0;
		};
/* End PBXFrameworksBuildPhase section */

/* Begin PBXGroup section */
		22B3EC571C23FC96008BF87A = {
			isa = PBXGroup;
			children = (
				22F374651C32816100D3E390 /* AAPLCloudManager.h */,
				22F374661C32816100D3E390 /* AAPLCloudManager.m */,
				22B3EC921C23FCD5008BF87A /* CloudKit.framework */,
				22B3EC621C23FC96008BF87A /* OnFLEEK */,
				22B3EC771C23FC96008BF87A /* OnFLEEKTests */,
				22B3EC821C23FC96008BF87A /* OnFLEEKUITests */,
				22B3EC611C23FC96008BF87A /* Products */,
				4090B9B5EDE951B62FBB0F54 /* Pods */,
				5DE5B4C20C22D5236B19FF0D /* Frameworks */,
				22F374641C32815F00D3E390 /* OnFLEEK-Bridging-Header.h */,
			);
			sourceTree = "<group>";
		};
		22B3EC611C23FC96008BF87A /* Products */ = {
			isa = PBXGroup;
			children = (
				22B3EC601C23FC96008BF87A /* OnFLEEK.app */,
				22B3EC741C23FC96008BF87A /* OnFLEEKTests.xctest */,
				22B3EC7F1C23FC96008BF87A /* OnFLEEKUITests.xctest */,
			);
			name = Products;
			sourceTree = "<group>";
		};
		22B3EC621C23FC96008BF87A /* OnFLEEK */ = {
			isa = PBXGroup;
			children = (
				22B3EC9A1C240C50008BF87A /* View Controllers */,
				22B3EC9D1C24154F008BF87A /* Model */,
				22B3EC9C1C240CA9008BF87A /* StoryBoards */,
				22B3EC9B1C240C8E008BF87A /* Resources */,
			);
			path = OnFLEEK;
			sourceTree = "<group>";
		};
		22B3EC771C23FC96008BF87A /* OnFLEEKTests */ = {
			isa = PBXGroup;
			children = (
				22B3EC781C23FC96008BF87A /* OnFLEEKTests.swift */,
				22B3EC7A1C23FC96008BF87A /* Info.plist */,
			);
			path = OnFLEEKTests;
			sourceTree = "<group>";
		};
		22B3EC821C23FC96008BF87A /* OnFLEEKUITests */ = {
			isa = PBXGroup;
			children = (
				22B3EC831C23FC96008BF87A /* OnFLEEKUITests.swift */,
				22B3EC851C23FC96008BF87A /* Info.plist */,
			);
			path = OnFLEEKUITests;
			sourceTree = "<group>";
		};
		22B3EC9A1C240C50008BF87A /* View Controllers */ = {
			isa = PBXGroup;
			children = (
				22B3EC941C240095008BF87A /* ClubCrawlViewController.swift */,
				22B3EC961C240184008BF87A /* MapViewController.swift */,
				22F3746A1C32837300D3E390 /* FleekViewController.swift */,
			);
			name = "View Controllers";
			sourceTree = "<group>";
		};
		22B3EC9B1C240C8E008BF87A /* Resources */ = {
			isa = PBXGroup;
			children = (
				22B3EC911C23FCD0008BF87A /* OnFLEEK.entitlements */,
				22B3EC6A1C23FC96008BF87A /* Assets.xcassets */,
				22B3EC6C1C23FC96008BF87A /* LaunchScreen.storyboard */,
				22B3EC6F1C23FC96008BF87A /* Info.plist */,
				22B3EC631C23FC96008BF87A /* AppDelegate.swift */,
			);
			name = Resources;
			sourceTree = "<group>";
		};
		22B3EC9C1C240CA9008BF87A /* StoryBoards */ = {
			isa = PBXGroup;
			children = (
				22B3EC671C23FC96008BF87A /* Main.storyboard */,
			);
			name = StoryBoards;
			sourceTree = "<group>";
		};
		22B3EC9D1C24154F008BF87A /* Model */ = {
			isa = PBXGroup;
			children = (
				22F3745F1C327F0300D3E390 /* OnFleekModel */,
				22F3745C1C327C8B00D3E390 /* Sound */,
				22F3745B1C327C4600D3E390 /* Photos */,
				22B3EC9E1C241594008BF87A /* Model.swift */,
				22B3ECA21C241692008BF87A /* Party.swift */,
				22B3ECA61C24173A008BF87A /* UserInfo.swift */,
				22B3ECAA1C24FA11008BF87A /* WorkAround.swift */,
			);
			name = Model;
			sourceTree = "<group>";
		};
		22F3745B1C327C4600D3E390 /* Photos */ = {
			isa = PBXGroup;
			children = (
				22F3745D1C327CC600D3E390 /* Photo.swift */,
			);
			name = Photos;
			sourceTree = "<group>";
		};
		22F3745C1C327C8B00D3E390 /* Sound */ = {
			isa = PBXGroup;
			children = (
			);
			name = Sound;
			sourceTree = "<group>";
		};
		22F3745F1C327F0300D3E390 /* OnFleekModel */ = {
			isa = PBXGroup;
			children = (
			);
			name = OnFleekModel;
			sourceTree = "<group>";
		};
		4090B9B5EDE951B62FBB0F54 /* Pods */ = {
			isa = PBXGroup;
			children = (
				C476DE376FBAD79AECCF0BA1 /* Pods-OnFLEEK.debug.xcconfig */,
				4E463FAC1D1206092D4A3965 /* Pods-OnFLEEK.release.xcconfig */,
			);
			name = Pods;
			sourceTree = "<group>";
		};
		5DE5B4C20C22D5236B19FF0D /* Frameworks */ = {
			isa = PBXGroup;
			children = (
				22F374591C32770200D3E390 /* pop.framework */,
				22F374571C3276F600D3E390 /* Koloda.framework */,
				5EF659CCE42A3010A3541AA7 /* Pods_OnFLEEK.framework */,
			);
			name = Frameworks;
			sourceTree = "<group>";
		};
/* End PBXGroup section */

/* Begin PBXNativeTarget section */
		22B3EC5F1C23FC96008BF87A /* OnFLEEK */ = {
			isa = PBXNativeTarget;
			buildConfigurationList = 22B3EC881C23FC96008BF87A /* Build configuration list for PBXNativeTarget "OnFLEEK" */;
			buildPhases = (
				62EC5F0752904AEB3D6912A1 /* Check Pods Manifest.lock */,
				22B3EC5C1C23FC96008BF87A /* Sources */,
				22B3EC5D1C23FC96008BF87A /* Frameworks */,
				22B3EC5E1C23FC96008BF87A /* Resources */,
				AD7D3EBD8D4CAD651A54DE5C /* Embed Pods Frameworks */,
				B46379BFE6229DA43FF1230A /* Copy Pods Resources */,
			);
			buildRules = (
			);
			dependencies = (
			);
			name = OnFLEEK;
			productName = OnFLEEK;
			productReference = 22B3EC601C23FC96008BF87A /* OnFLEEK.app */;
			productType = "com.apple.product-type.application";
		};
		22B3EC731C23FC96008BF87A /* OnFLEEKTests */ = {
			isa = PBXNativeTarget;
			buildConfigurationList = 22B3EC8B1C23FC96008BF87A /* Build configuration list for PBXNativeTarget "OnFLEEKTests" */;
			buildPhases = (
				22B3EC701C23FC96008BF87A /* Sources */,
				22B3EC711C23FC96008BF87A /* Frameworks */,
				22B3EC721C23FC96008BF87A /* Resources */,
			);
			buildRules = (
			);
			dependencies = (
				22B3EC761C23FC96008BF87A /* PBXTargetDependency */,
			);
			name = OnFLEEKTests;
			productName = OnFLEEKTests;
			productReference = 22B3EC741C23FC96008BF87A /* OnFLEEKTests.xctest */;
			productType = "com.apple.product-type.bundle.unit-test";
		};
		22B3EC7E1C23FC96008BF87A /* OnFLEEKUITests */ = {
			isa = PBXNativeTarget;
			buildConfigurationList = 22B3EC8E1C23FC96008BF87A /* Build configuration list for PBXNativeTarget "OnFLEEKUITests" */;
			buildPhases = (
				22B3EC7B1C23FC96008BF87A /* Sources */,
				22B3EC7C1C23FC96008BF87A /* Frameworks */,
				22B3EC7D1C23FC96008BF87A /* Resources */,
			);
			buildRules = (
			);
			dependencies = (
				22B3EC811C23FC96008BF87A /* PBXTargetDependency */,
			);
			name = OnFLEEKUITests;
			productName = OnFLEEKUITests;
			productReference = 22B3EC7F1C23FC96008BF87A /* OnFLEEKUITests.xctest */;
			productType = "com.apple.product-type.bundle.ui-testing";
		};
/* End PBXNativeTarget section */

/* Begin PBXProject section */
		22B3EC581C23FC96008BF87A /* Project object */ = {
			isa = PBXProject;
			attributes = {
				LastSwiftUpdateCheck = 0720;
				LastUpgradeCheck = 0720;
				ORGANIZATIONNAME = beyond2021;
				TargetAttributes = {
					22B3EC5F1C23FC96008BF87A = {
						CreatedOnToolsVersion = 7.2;
						DevelopmentTeam = SC6R6MV2N8;
						SystemCapabilities = {
							com.apple.BackgroundModes = {
								enabled = 1;
							};
							com.apple.Push = {
								enabled = 1;
							};
							com.apple.iCloud = {
								enabled = 1;
							};
						};
					};
					22B3EC731C23FC96008BF87A = {
						CreatedOnToolsVersion = 7.2;
						TestTargetID = 22B3EC5F1C23FC96008BF87A;
					};
					22B3EC7E1C23FC96008BF87A = {
						CreatedOnToolsVersion = 7.2;
						TestTargetID = 22B3EC5F1C23FC96008BF87A;
					};
				};
			};
			buildConfigurationList = 22B3EC5B1C23FC96008BF87A /* Build configuration list for PBXProject "OnFLEEK" */;
			compatibilityVersion = "Xcode 3.2";
			developmentRegion = English;
			hasScannedForEncodings = 0;
			knownRegions = (
				en,
				Base,
			);
			mainGroup = 22B3EC571C23FC96008BF87A;
			productRefGroup = 22B3EC611C23FC96008BF87A /* Products */;
			projectDirPath = "";
			projectRoot = "";
			targets = (
				22B3EC5F1C23FC96008BF87A /* OnFLEEK */,
				22B3EC731C23FC96008BF87A /* OnFLEEKTests */,
				22B3EC7E1C23FC96008BF87A /* OnFLEEKUITests */,
			);
		};
/* End PBXProject section */

/* Begin PBXResourcesBuildPhase section */
		22B3EC5E1C23FC96008BF87A /* Resources */ = {
			isa = PBXResourcesBuildPhase;
			buildActionMask = 2147483647;
			files = (
				22B3EC6E1C23FC96008BF87A /* LaunchScreen.storyboard in Resources */,
				22B3EC6B1C23FC96008BF87A /* Assets.xcassets in Resources */,
				22B3EC691C23FC96008BF87A /* Main.storyboard in Resources */,
			);
			runOnlyForDeploymentPostprocessing = 0;
		};
		22B3EC721C23FC96008BF87A /* Resources */ = {
			isa = PBXResourcesBuildPhase;
			buildActionMask = 2147483647;
			files = (
			);
			runOnlyForDeploymentPostprocessing = 0;
		};
		22B3EC7D1C23FC96008BF87A /* Resources */ = {
			isa = PBXResourcesBuildPhase;
			buildActionMask = 2147483647;
			files = (
			);
			runOnlyForDeploymentPostprocessing = 0;
		};
/* End PBXResourcesBuildPhase section */

/* Begin PBXShellScriptBuildPhase section */
		62EC5F0752904AEB3D6912A1 /* Check Pods Manifest.lock */ = {
			isa = PBXShellScriptBuildPhase;
			buildActionMask = 2147483647;
			files = (
			);
			inputPaths = (
			);
			name = "Check Pods Manifest.lock";
			outputPaths = (
			);
			runOnlyForDeploymentPostprocessing = 0;
			shellPath = /bin/sh;
			shellScript = "diff \"${PODS_ROOT}/../Podfile.lock\" \"${PODS_ROOT}/Manifest.lock\" > /dev/null\nif [[ $? != 0 ]] ; then\n    cat << EOM\nerror: The sandbox is not in sync with the Podfile.lock. Run 'pod install' or update your CocoaPods installation.\nEOM\n    exit 1\nfi\n";
			showEnvVarsInLog = 0;
		};
		AD7D3EBD8D4CAD651A54DE5C /* Embed Pods Frameworks */ = {
			isa = PBXShellScriptBuildPhase;
			buildActionMask = 2147483647;
			files = (
			);
			inputPaths = (
			);
			name = "Embed Pods Frameworks";
			outputPaths = (
			);
			runOnlyForDeploymentPostprocessing = 0;
			shellPath = /bin/sh;
			shellScript = "\"${SRCROOT}/Pods/Target Support Files/Pods-OnFLEEK/Pods-OnFLEEK-frameworks.sh\"\n";
			showEnvVarsInLog = 0;
		};
		B46379BFE6229DA43FF1230A /* Copy Pods Resources */ = {
			isa = PBXShellScriptBuildPhase;
			buildActionMask = 2147483647;
			files = (
			);
			inputPaths = (
			);
			name = "Copy Pods Resources";
			outputPaths = (
			);
			runOnlyForDeploymentPostprocessing = 0;
			shellPath = /bin/sh;
			shellScript = "\"${SRCROOT}/Pods/Target Support Files/Pods-OnFLEEK/Pods-OnFLEEK-resources.sh\"\n";
			showEnvVarsInLog = 0;
		};
/* End PBXShellScriptBuildPhase section */

/* Begin PBXSourcesBuildPhase section */
		22B3EC5C1C23FC96008BF87A /* Sources */ = {
			isa = PBXSourcesBuildPhase;
			buildActionMask = 2147483647;
			files = (
				22F3745E1C327CC600D3E390 /* Photo.swift in Sources */,
				22B3EC951C240095008BF87A /* ClubCrawlViewController.swift in Sources */,
				22B3ECAB1C24FA11008BF87A /* WorkAround.swift in Sources */,
				22B3ECA31C241692008BF87A /* Party.swift in Sources */,
				22B3EC971C240184008BF87A /* MapViewController.swift in Sources */,
				22B3EC641C23FC96008BF87A /* AppDelegate.swift in Sources */,
				22F3746B1C32837300D3E390 /* FleekViewController.swift in Sources */,
				22B3ECA71C24173A008BF87A /* UserInfo.swift in Sources */,
				22B3EC9F1C241594008BF87A /* Model.swift in Sources */,
				22F374671C32816100D3E390 /* AAPLCloudManager.m in Sources */,
			);
			runOnlyForDeploymentPostprocessing = 0;
		};
		22B3EC701C23FC96008BF87A /* Sources */ = {
			isa = PBXSourcesBuildPhase;
			buildActionMask = 2147483647;
			files = (
				22B3ECA01C241594008BF87A /* Model.swift in Sources */,
				22B3ECAC1C24FA11008BF87A /* WorkAround.swift in Sources */,
				22B3EC791C23FC96008BF87A /* OnFLEEKTests.swift in Sources */,
				22B3ECA41C241692008BF87A /* Party.swift in Sources */,
				22B3ECA81C24173A008BF87A /* UserInfo.swift in Sources */,
				22B3EC981C240184008BF87A /* MapViewController.swift in Sources */,
			);
			runOnlyForDeploymentPostprocessing = 0;
		};
		22B3EC7B1C23FC96008BF87A /* Sources */ = {
			isa = PBXSourcesBuildPhase;
			buildActionMask = 2147483647;
			files = (
				22B3ECA11C241594008BF87A /* Model.swift in Sources */,
				22B3ECAD1C24FA11008BF87A /* WorkAround.swift in Sources */,
				22B3EC841C23FC96008BF87A /* OnFLEEKUITests.swift in Sources */,
				22B3ECA51C241692008BF87A /* Party.swift in Sources */,
				22B3ECA91C24173A008BF87A /* UserInfo.swift in Sources */,
				22B3EC991C240184008BF87A /* MapViewController.swift in Sources */,
			);
			runOnlyForDeploymentPostprocessing = 0;
		};
/* End PBXSourcesBuildPhase section */

/* Begin PBXTargetDependency section */
		22B3EC761C23FC96008BF87A /* PBXTargetDependency */ = {
			isa = PBXTargetDependency;
			target = 22B3EC5F1C23FC96008BF87A /* OnFLEEK */;
			targetProxy = 22B3EC751C23FC96008BF87A /* PBXContainerItemProxy */;
		};
		22B3EC811C23FC96008BF87A /* PBXTargetDependency */ = {
			isa = PBXTargetDependency;
			target = 22B3EC5F1C23FC96008BF87A /* OnFLEEK */;
			targetProxy = 22B3EC801C23FC96008BF87A /* PBXContainerItemProxy */;
		};
/* End PBXTargetDependency section */

/* Begin PBXVariantGroup section */
		22B3EC671C23FC96008BF87A /* Main.storyboard */ = {
			isa = PBXVariantGroup;
			children = (
				22B3EC681C23FC96008BF87A /* Base */,
			);
			name = Main.storyboard;
			sourceTree = "<group>";
		};
		22B3EC6C1C23FC96008BF87A /* LaunchScreen.storyboard */ = {
			isa = PBXVariantGroup;
			children = (
				22B3EC6D1C23FC96008BF87A /* Base */,
			);
			name = LaunchScreen.storyboard;
			sourceTree = "<group>";
		};
/* End PBXVariantGroup section */

/* Begin XCBuildConfiguration section */
		22B3EC861C23FC96008BF87A /* Debug */ = {
			isa = XCBuildConfiguration;
			buildSettings = {
				ALWAYS_SEARCH_USER_PATHS = NO;
				CLANG_CXX_LANGUAGE_STANDARD = "gnu++0x";
				CLANG_CXX_LIBRARY = "libc++";
				CLANG_ENABLE_MODULES = YES;
				CLANG_ENABLE_OBJC_ARC = YES;
				CLANG_WARN_BOOL_CONVERSION = YES;
				CLANG_WARN_CONSTANT_CONVERSION = YES;
				CLANG_WARN_DIRECT_OBJC_ISA_USAGE = YES_ERROR;
				CLANG_WARN_EMPTY_BODY = YES;
				CLANG_WARN_ENUM_CONVERSION = YES;
				CLANG_WARN_INT_CONVERSION = YES;
				CLANG_WARN_OBJC_ROOT_CLASS = YES_ERROR;
				CLANG_WARN_UNREACHABLE_CODE = YES;
				CLANG_WARN__DUPLICATE_METHOD_MATCH = YES;
				"CODE_SIGN_IDENTITY[sdk=iphoneos*]" = "iPhone Developer";
				COPY_PHASE_STRIP = NO;
				DEBUG_INFORMATION_FORMAT = dwarf;
				ENABLE_STRICT_OBJC_MSGSEND = YES;
				ENABLE_TESTABILITY = YES;
				GCC_C_LANGUAGE_STANDARD = gnu99;
				GCC_DYNAMIC_NO_PIC = NO;
				GCC_NO_COMMON_BLOCKS = YES;
				GCC_OPTIMIZATION_LEVEL = 0;
				GCC_PREPROCESSOR_DEFINITIONS = (
					"DEBUG=1",
					"$(inherited)",
				);
				GCC_WARN_64_TO_32_BIT_CONVERSION = YES;
				GCC_WARN_ABOUT_RETURN_TYPE = YES_ERROR;
				GCC_WARN_UNDECLARED_SELECTOR = YES;
				GCC_WARN_UNINITIALIZED_AUTOS = YES_AGGRESSIVE;
				GCC_WARN_UNUSED_FUNCTION = YES;
				GCC_WARN_UNUSED_VARIABLE = YES;
				IPHONEOS_DEPLOYMENT_TARGET = 9.2;
				MTL_ENABLE_DEBUG_INFO = YES;
				ONLY_ACTIVE_ARCH = YES;
				SDKROOT = iphoneos;
				SWIFT_OPTIMIZATION_LEVEL = "-Onone";
			};
			name = Debug;
		};
		22B3EC871C23FC96008BF87A /* Release */ = {
			isa = XCBuildConfiguration;
			buildSettings = {
				ALWAYS_SEARCH_USER_PATHS = NO;
				CLANG_CXX_LANGUAGE_STANDARD = "gnu++0x";
				CLANG_CXX_LIBRARY = "libc++";
				CLANG_ENABLE_MODULES = YES;
				CLANG_ENABLE_OBJC_ARC = YES;
				CLANG_WARN_BOOL_CONVERSION = YES;
				CLANG_WARN_CONSTANT_CONVERSION = YES;
				CLANG_WARN_DIRECT_OBJC_ISA_USAGE = YES_ERROR;
				CLANG_WARN_EMPTY_BODY = YES;
				CLANG_WARN_ENUM_CONVERSION = YES;
				CLANG_WARN_INT_CONVERSION = YES;
				CLANG_WARN_OBJC_ROOT_CLASS = YES_ERROR;
				CLANG_WARN_UNREACHABLE_CODE = YES;
				CLANG_WARN__DUPLICATE_METHOD_MATCH = YES;
				"CODE_SIGN_IDENTITY[sdk=iphoneos*]" = "iPhone Developer";
				COPY_PHASE_STRIP = NO;
				DEBUG_INFORMATION_FORMAT = "dwarf-with-dsym";
				ENABLE_NS_ASSERTIONS = NO;
				ENABLE_STRICT_OBJC_MSGSEND = YES;
				GCC_C_LANGUAGE_STANDARD = gnu99;
				GCC_NO_COMMON_BLOCKS = YES;
				GCC_WARN_64_TO_32_BIT_CONVERSION = YES;
				GCC_WARN_ABOUT_RETURN_TYPE = YES_ERROR;
				GCC_WARN_UNDECLARED_SELECTOR = YES;
				GCC_WARN_UNINITIALIZED_AUTOS = YES_AGGRESSIVE;
				GCC_WARN_UNUSED_FUNCTION = YES;
				GCC_WARN_UNUSED_VARIABLE = YES;
				IPHONEOS_DEPLOYMENT_TARGET = 9.2;
				MTL_ENABLE_DEBUG_INFO = NO;
				SDKROOT = iphoneos;
				VALIDATE_PRODUCT = YES;
			};
			name = Release;
		};
		22B3EC891C23FC96008BF87A /* Debug */ = {
			isa = XCBuildConfiguration;
			baseConfigurationReference = C476DE376FBAD79AECCF0BA1 /* Pods-OnFLEEK.debug.xcconfig */;
			buildSettings = {
				ASSETCATALOG_COMPILER_APPICON_NAME = AppIcon;
				CLANG_ENABLE_MODULES = YES;
				CODE_SIGN_ENTITLEMENTS = OnFLEEK/OnFLEEK.entitlements;
				CODE_SIGN_IDENTITY = "iPhone Developer";
				"CODE_SIGN_IDENTITY[sdk=iphoneos*]" = "iPhone Developer";
				FRAMEWORK_SEARCH_PATHS = (
					"$(inherited)",
					"$(PROJECT_DIR)/build/Debug-iphoneos",
				);
				INFOPLIST_FILE = OnFLEEK/Info.plist;
				IPHONEOS_DEPLOYMENT_TARGET = 9.2;
				LD_RUNPATH_SEARCH_PATHS = "$(inherited) @executable_path/Frameworks";
				PRODUCT_BUNDLE_IDENTIFIER = com.beyond2021.OnFLEEK;
				PRODUCT_NAME = "$(TARGET_NAME)";
				PROVISIONING_PROFILE = "";
				SWIFT_OBJC_BRIDGING_HEADER = "OnFLEEK-Bridging-Header.h";
				SWIFT_OPTIMIZATION_LEVEL = "-Onone";
				TARGETED_DEVICE_FAMILY = "1,2";
			};
			name = Debug;
		};
		22B3EC8A1C23FC96008BF87A /* Release */ = {
			isa = XCBuildConfiguration;
			baseConfigurationReference = 4E463FAC1D1206092D4A3965 /* Pods-OnFLEEK.release.xcconfig */;
			buildSettings = {
				ASSETCATALOG_COMPILER_APPICON_NAME = AppIcon;
				CLANG_ENABLE_MODULES = YES;
				CODE_SIGN_ENTITLEMENTS = OnFLEEK/OnFLEEK.entitlements;
				CODE_SIGN_IDENTITY = "iPhone Developer";
				"CODE_SIGN_IDENTITY[sdk=iphoneos*]" = "iPhone Developer";
				FRAMEWORK_SEARCH_PATHS = (
					"$(inherited)",
					"$(PROJECT_DIR)/build/Debug-iphoneos",
				);
				INFOPLIST_FILE = OnFLEEK/Info.plist;
				IPHONEOS_DEPLOYMENT_TARGET = 9.2;
				LD_RUNPATH_SEARCH_PATHS = "$(inherited) @executable_path/Frameworks";
				PRODUCT_BUNDLE_IDENTIFIER = com.beyond2021.OnFLEEK;
				PRODUCT_NAME = "$(TARGET_NAME)";
				PROVISIONING_PROFILE = "";
				SWIFT_OBJC_BRIDGING_HEADER = "OnFLEEK-Bridging-Header.h";
				TARGETED_DEVICE_FAMILY = "1,2";
			};
			name = Release;
		};
		22B3EC8C1C23FC96008BF87A /* Debug */ = {
			isa = XCBuildConfiguration;
			buildSettings = {
				BUNDLE_LOADER = "$(TEST_HOST)";
				INFOPLIST_FILE = OnFLEEKTests/Info.plist;
				LD_RUNPATH_SEARCH_PATHS = "$(inherited) @executable_path/Frameworks @loader_path/Frameworks";
				PRODUCT_BUNDLE_IDENTIFIER = com.beyond2021.OnFLEEKTests;
				PRODUCT_NAME = "$(TARGET_NAME)";
				TEST_HOST = "$(BUILT_PRODUCTS_DIR)/OnFLEEK.app/OnFLEEK";
			};
			name = Debug;
		};
		22B3EC8D1C23FC96008BF87A /* Release */ = {
			isa = XCBuildConfiguration;
			buildSettings = {
				BUNDLE_LOADER = "$(TEST_HOST)";
				INFOPLIST_FILE = OnFLEEKTests/Info.plist;
				LD_RUNPATH_SEARCH_PATHS = "$(inherited) @executable_path/Frameworks @loader_path/Frameworks";
				PRODUCT_BUNDLE_IDENTIFIER = com.beyond2021.OnFLEEKTests;
				PRODUCT_NAME = "$(TARGET_NAME)";
				TEST_HOST = "$(BUILT_PRODUCTS_DIR)/OnFLEEK.app/OnFLEEK";
			};
			name = Release;
		};
		22B3EC8F1C23FC96008BF87A /* Debug */ = {
			isa = XCBuildConfiguration;
			buildSettings = {
				INFOPLIST_FILE = OnFLEEKUITests/Info.plist;
				LD_RUNPATH_SEARCH_PATHS = "$(inherited) @executable_path/Frameworks @loader_path/Frameworks";
				PRODUCT_BUNDLE_IDENTIFIER = com.beyond2021.OnFLEEKUITests;
				PRODUCT_NAME = "$(TARGET_NAME)";
				TEST_TARGET_NAME = OnFLEEK;
				USES_XCTRUNNER = YES;
			};
			name = Debug;
		};
		22B3EC901C23FC96008BF87A /* Release */ = {
			isa = XCBuildConfiguration;
			buildSettings = {
				INFOPLIST_FILE = OnFLEEKUITests/Info.plist;
				LD_RUNPATH_SEARCH_PATHS = "$(inherited) @executable_path/Frameworks @loader_path/Frameworks";
				PRODUCT_BUNDLE_IDENTIFIER = com.beyond2021.OnFLEEKUITests;
				PRODUCT_NAME = "$(TARGET_NAME)";
				TEST_TARGET_NAME = OnFLEEK;
				USES_XCTRUNNER = YES;
			};
			name = Release;
		};
/* End XCBuildConfiguration section */

/* Begin XCConfigurationList section */
		22B3EC5B1C23FC96008BF87A /* Build configuration list for PBXProject "OnFLEEK" */ = {
			isa = XCConfigurationList;
			buildConfigurations = (
				22B3EC861C23FC96008BF87A /* Debug */,
				22B3EC871C23FC96008BF87A /* Release */,
			);
			defaultConfigurationIsVisible = 0;
			defaultConfigurationName = Release;
		};
		22B3EC881C23FC96008BF87A /* Build configuration list for PBXNativeTarget "OnFLEEK" */ = {
			isa = XCConfigurationList;
			buildConfigurations = (
				22B3EC891C23FC96008BF87A /* Debug */,
				22B3EC8A1C23FC96008BF87A /* Release */,
			);
			defaultConfigurationIsVisible = 0;
			defaultConfigurationName = Release;
		};
		22B3EC8B1C23FC96008BF87A /* Build configuration list for PBXNativeTarget "OnFLEEKTests" */ = {
			isa = XCConfigurationList;
			buildConfigurations = (
				22B3EC8C1C23FC96008BF87A /* Debug */,
				22B3EC8D1C23FC96008BF87A /* Release */,
			);
			defaultConfigurationIsVisible = 0;
			defaultConfigurationName = Release;
		};
		22B3EC8E1C23FC96008BF87A /* Build configuration list for PBXNativeTarget "OnFLEEKUITests" */ = {
			isa = XCConfigurationList;
			buildConfigurations = (
				22B3EC8F1C23FC96008BF87A /* Debug */,
				22B3EC901C23FC96008BF87A /* Release */,
			);
			defaultConfigurationIsVisible = 0;
			defaultConfigurationName = Release;
		};
/* End XCConfigurationList section */
	};
	rootObject = 22B3EC581C23FC96008BF87A /* Project object */;
}
